
Microsoft Visual Studio Solution File, Format Version 12.00
# Visual Studio Version 17
VisualStudioVersion = 17.11.35222.181
MinimumVisualStudioVersion = 10.0.40219.1
Project("{9A19103F-16F7-4668-BE54-9A1E7A4F7556}") = "ProgramLanguage", "ProgramLanguage\ProgramLanguage.csproj", "{2640F28B-7690-4BE5-BEA2-E7B93314135B}"
EndProject
Project("{9A19103F-16F7-4668-BE54-9A1E7A4F7556}") = "ProgramLanguage.Desktop", "ProgramLanguage.Desktop\ProgramLanguage.Desktop.csproj", "{14BE4822-CB26-4FD8-97EE-75FD1099989A}"
EndProject
Global
	GlobalSection(SolutionConfigurationPlatforms) = preSolution
		Debug|Any CPU = Debug|Any CPU
		Release|Any CPU = Release|Any CPU
	EndGlobalSection
	GlobalSection(ProjectConfigurationPlatforms) = postSolution
		{2640F28B-7690-4BE5-BEA2-E7B93314135B}.Debug|Any CPU.ActiveCfg = Debug|Any CPU
		{2640F28B-7690-4BE5-BEA2-E7B93314135B}.Debug|Any CPU.Build.0 = Debug|Any CPU
		{2640F28B-7690-4BE5-BEA2-E7B93314135B}.Release|Any CPU.ActiveCfg = Release|Any CPU
		{2640F28B-7690-4BE5-BEA2-E7B93314135B}.Release|Any CPU.Build.0 = Release|Any CPU
		{14BE4822-CB26-4FD8-97EE-75FD1099989A}.Debug|Any CPU.ActiveCfg = Debug|Any CPU
		{14BE4822-CB26-4FD8-97EE-75FD1099989A}.Debug|Any CPU.Build.0 = Debug|Any CPU
		{14BE4822-CB26-4FD8-97EE-75FD1099989A}.Release|Any CPU.ActiveCfg = Release|Any CPU
		{14BE4822-CB26-4FD8-97EE-75FD1099989A}.Release|Any CPU.Build.0 = Release|Any CPU
	EndGlobalSection
	GlobalSection(SolutionProperties) = preSolution
		HideSolutionNode = FALSE
	EndGlobalSection
	GlobalSection(ExtensibilityGlobals) = postSolution
		SolutionGuid = {87366231-B881-4B34-AF0D-D55EBE1FE0E0}
	EndGlobalSection
EndGlobal
